
Microsoft Visual Studio Solution File, Format Version 12.00
# Visual Studio Version 17
VisualStudioVersion = 17.3.32901.215
MinimumVisualStudioVersion = 10.0.40219.1
Project("{FAE04EC0-301F-11D3-BF4B-00C04F79EFBC}") = "Calculator.App", "Calculator.App\Calculator.App.csproj", "{50136FDF-1922-47B7-8D33-6F8A0B85AFD3}"
EndProject
Project("{FAE04EC0-301F-11D3-BF4B-00C04F79EFBC}") = "Calculator.Tests", "Calculator.Tests\Calculator.Tests.csproj", "{6CEFAFFA-EDD2-4CB4-B19D-1FFB9590CEAE}"
EndProject
Project("{FAE04EC0-301F-11D3-BF4B-00C04F79EFBC}") = "Calculator.Logic", "Calculator.Logic\Calculator.Logic.csproj", "{129ED9AD-CE99-444B-9980-1E51D9705EA1}"
EndProject
Project("{FAE04EC0-301F-11D3-BF4B-00C04F79EFBC}") = "Calculator.Model", "Calculator.Models\Calculator.Model.csproj", "{10A6E848-EAF1-49BC-B5C1-99A7FE8A1A3B}"
EndProject
Global
	GlobalSection(SolutionConfigurationPlatforms) = preSolution
		Debug|Any CPU = Debug|Any CPU
		Release|Any CPU = Release|Any CPU
	EndGlobalSection
	GlobalSection(ProjectConfigurationPlatforms) = postSolution
		{50136FDF-1922-47B7-8D33-6F8A0B85AFD3}.Debug|Any CPU.ActiveCfg = Debug|Any CPU
		{50136FDF-1922-47B7-8D33-6F8A0B85AFD3}.Debug|Any CPU.Build.0 = Debug|Any CPU
		{50136FDF-1922-47B7-8D33-6F8A0B85AFD3}.Release|Any CPU.ActiveCfg = Release|Any CPU
		{50136FDF-1922-47B7-8D33-6F8A0B85AFD3}.Release|Any CPU.Build.0 = Release|Any CPU
		{6CEFAFFA-EDD2-4CB4-B19D-1FFB9590CEAE}.Debug|Any CPU.ActiveCfg = Debug|Any CPU
		{6CEFAFFA-EDD2-4CB4-B19D-1FFB9590CEAE}.Debug|Any CPU.Build.0 = Debug|Any CPU
		{6CEFAFFA-EDD2-4CB4-B19D-1FFB9590CEAE}.Release|Any CPU.ActiveCfg = Release|Any CPU
		{6CEFAFFA-EDD2-4CB4-B19D-1FFB9590CEAE}.Release|Any CPU.Build.0 = Release|Any CPU
		{129ED9AD-CE99-444B-9980-1E51D9705EA1}.Debug|Any CPU.ActiveCfg = Debug|Any CPU
		{129ED9AD-CE99-444B-9980-1E51D9705EA1}.Debug|Any CPU.Build.0 = Debug|Any CPU
		{129ED9AD-CE99-444B-9980-1E51D9705EA1}.Release|Any CPU.ActiveCfg = Release|Any CPU
		{129ED9AD-CE99-444B-9980-1E51D9705EA1}.Release|Any CPU.Build.0 = Release|Any CPU
		{10A6E848-EAF1-49BC-B5C1-99A7FE8A1A3B}.Debug|Any CPU.ActiveCfg = Debug|Any CPU
		{10A6E848-EAF1-49BC-B5C1-99A7FE8A1A3B}.Debug|Any CPU.Build.0 = Debug|Any CPU
		{10A6E848-EAF1-49BC-B5C1-99A7FE8A1A3B}.Release|Any CPU.ActiveCfg = Release|Any CPU
		{10A6E848-EAF1-49BC-B5C1-99A7FE8A1A3B}.Release|Any CPU.Build.0 = Release|Any CPU
	EndGlobalSection
	GlobalSection(SolutionProperties) = preSolution
		HideSolutionNode = FALSE
	EndGlobalSection
	GlobalSection(ExtensibilityGlobals) = postSolution
		SolutionGuid = {7E15207A-E8C0-4A42-BC70-1F443CECC774}
	EndGlobalSection
EndGlobal
